
Microsoft Visual Studio Solution File, Format Version 12.00
# Visual Studio Version 16
VisualStudioVersion = 16.0.32901.82
MinimumVisualStudioVersion = 10.0.40219.1
Project("{2150E333-8FDC-42A3-9474-1A3956D46DE8}") = ".configuration", ".configuration", "{F4162A59-15C7-4AC4-951F-F9AF06D2E2B8}"
	ProjectSection(SolutionItems) = preProject
		.gitignore = .gitignore
		README.md = README.md
		sitecore.json = sitecore.json
	EndProjectSection
EndProject
Project("{2150E333-8FDC-42A3-9474-1A3956D46DE8}") = "Foundation", "Foundation", "{A3CB0222-D709-43B5-9F71-02837C6F3111}"
EndProject
Project("{2150E333-8FDC-42A3-9474-1A3956D46DE8}") = "Feature", "Feature", "{CAC222FD-CEE0-48BE-9FF9-9FEBBC5B16C2}"
EndProject
Project("{2150E333-8FDC-42A3-9474-1A3956D46DE8}") = "Project", "Project", "{F0E480F1-59EE-4FB7-9805-1FD582A78BEE}"
EndProject
Project("{FAE04EC0-301F-11D3-BF4B-00C04F79EFBC}") = "SitecoreDemo.Project.CoporateWebsite", "src\Project\code\SitecoreDemo.Project.CoporateWebsite.csproj", "{267AE2B1-690D-4FBC-8788-E3018BE2449F}"
EndProject
Global
	GlobalSection(SolutionConfigurationPlatforms) = preSolution
		Debug|Any CPU = Debug|Any CPU
		Release|Any CPU = Release|Any CPU
	EndGlobalSection
	GlobalSection(ProjectConfigurationPlatforms) = postSolution
		{267AE2B1-690D-4FBC-8788-E3018BE2449F}.Debug|Any CPU.ActiveCfg = Debug|Any CPU
		{267AE2B1-690D-4FBC-8788-E3018BE2449F}.Debug|Any CPU.Build.0 = Debug|Any CPU
		{267AE2B1-690D-4FBC-8788-E3018BE2449F}.Release|Any CPU.ActiveCfg = Release|Any CPU
		{267AE2B1-690D-4FBC-8788-E3018BE2449F}.Release|Any CPU.Build.0 = Release|Any CPU
	EndGlobalSection
	GlobalSection(SolutionProperties) = preSolution
		HideSolutionNode = FALSE
	EndGlobalSection
	GlobalSection(NestedProjects) = preSolution
		{267AE2B1-690D-4FBC-8788-E3018BE2449F} = {F0E480F1-59EE-4FB7-9805-1FD582A78BEE}
	EndGlobalSection
	GlobalSection(ExtensibilityGlobals) = postSolution
		EnterpriseLibraryConfigurationToolBinariesPathV6 = packages\EnterpriseLibrary.Common.6.0.1304.0\lib\NET45;packages\EnterpriseLibrary.TransientFaultHandling.6.0.1304.0\lib\portable-net45+win+wp8;packages\EnterpriseLibrary.TransientFaultHandling.Caching.6.0.1304.0\lib\NET45;packages\EnterpriseLibrary.TransientFaultHandling.Data.6.0.1304.1\lib\NET45;packages\EnterpriseLibrary.TransientFaultHandling.ServiceBus.6.0.1304.0\lib\NET45;packages\EnterpriseLibrary.TransientFaultHandling.WindowsAzure.Storage.6.0.1304.0\lib\NET45;packages\EnterpriseLibrary.TransientFaultHandling.Configuration.6.0.1304.0\lib\NET45
		SolutionGuid = {0476492D-1DAF-43A6-ABD7-BB047D60A3FF}
	EndGlobalSection
EndGlobal
