
Microsoft Visual Studio Solution File, Format Version 12.00
# Visual Studio Version 16
VisualStudioVersion = 16.0.32901.82
MinimumVisualStudioVersion = 10.0.40219.1
Project("{2150E333-8FDC-42A3-9474-1A3956D46DE8}") = "Foundation", "Foundation", "{4E1BCCE9-7934-4B95-91F2-BD936FF40B5A}"
EndProject
Project("{2150E333-8FDC-42A3-9474-1A3956D46DE8}") = "Feature", "Feature", "{ADCE28CA-87F1-4D5A-A08E-1A0920CB0859}"
EndProject
Project("{2150E333-8FDC-42A3-9474-1A3956D46DE8}") = "Project", "Project", "{511EF4A5-DE41-4D01-B550-AD801A38EDEA}"
EndProject
Project("{2150E333-8FDC-42A3-9474-1A3956D46DE8}") = ".configuration", ".configuration", "{1E8BD0AB-BAEA-4BF6-BF4A-C425A7A3257C}"
	ProjectSection(SolutionItems) = preProject
		..\.gitignore = ..\.gitignore
		..\Readme.md = ..\Readme.md
		..\sitecore.json = ..\sitecore.json
	EndProjectSection
EndProject
Global
	GlobalSection(SolutionProperties) = preSolution
		HideSolutionNode = FALSE
	EndGlobalSection
	GlobalSection(ExtensibilityGlobals) = postSolution
		SolutionGuid = {9EB58A7E-D96F-4E1F-96BA-7B13AD828D6C}
	EndGlobalSection
EndGlobal
